// !$*UTF8*$!
{
	archiveVersion = 1;
	classes = {
	};
	objectVersion = 46;
	objects = {

/* Begin PBXBuildFile section */
		1A16C27F1ECB45B000581B21 /* EventContentTextView.swift in Sources */ = {isa = PBXBuildFile; fileRef = 1A16C27E1ECB45B000581B21 /* EventContentTextView.swift */; };
		1A16C2811ECB523000581B21 /* Event.swift in Sources */ = {isa = PBXBuildFile; fileRef = 1A16C2801ECB523000581B21 /* Event.swift */; };
		1A3160221ECB1B6000E93FF2 /* EventDetailViewController.swift in Sources */ = {isa = PBXBuildFile; fileRef = 1A3160211ECB1B6000E93FF2 /* EventDetailViewController.swift */; };
		1A93FBA51EC6C64600393A75 /* AppDelegate.swift in Sources */ = {isa = PBXBuildFile; fileRef = 1A93FBA41EC6C64600393A75 /* AppDelegate.swift */; };
		1A93FBAA1EC6C64600393A75 /* Main.storyboard in Resources */ = {isa = PBXBuildFile; fileRef = 1A93FBA81EC6C64600393A75 /* Main.storyboard */; };
		1A93FBAC1EC6C64600393A75 /* Assets.xcassets in Resources */ = {isa = PBXBuildFile; fileRef = 1A93FBAB1EC6C64600393A75 /* Assets.xcassets */; };
		1A93FBAF1EC6C64700393A75 /* LaunchScreen.storyboard in Resources */ = {isa = PBXBuildFile; fileRef = 1A93FBAD1EC6C64700393A75 /* LaunchScreen.storyboard */; };
		1A93FBBA1EC6C64700393A75 /* EventInWeekCollectionViewTests.swift in Sources */ = {isa = PBXBuildFile; fileRef = 1A93FBB91EC6C64700393A75 /* EventInWeekCollectionViewTests.swift */; };
		1A93FBC51EC6C64700393A75 /* EventInWeekCollectionViewUITests.swift in Sources */ = {isa = PBXBuildFile; fileRef = 1A93FBC41EC6C64700393A75 /* EventInWeekCollectionViewUITests.swift */; };
		1A93FBD31EC6C6CF00393A75 /* EventCollectionViewController.swift in Sources */ = {isa = PBXBuildFile; fileRef = 1A93FBD21EC6C6CF00393A75 /* EventCollectionViewController.swift */; };
		1A93FBD51EC6C71B00393A75 /* EventCollectionViewCell.swift in Sources */ = {isa = PBXBuildFile; fileRef = 1A93FBD41EC6C71B00393A75 /* EventCollectionViewCell.swift */; };
		1A93FBD71EC6D34700393A75 /* EventCollectionReusableView.swift in Sources */ = {isa = PBXBuildFile; fileRef = 1A93FBD61EC6D34700393A75 /* EventCollectionReusableView.swift */; };
/* End PBXBuildFile section */

/* Begin PBXContainerItemProxy section */
		1A93FBB61EC6C64700393A75 /* PBXContainerItemProxy */ = {
			isa = PBXContainerItemProxy;
			containerPortal = 1A93FB991EC6C64600393A75 /* Project object */;
			proxyType = 1;
			remoteGlobalIDString = 1A93FBA01EC6C64600393A75;
			remoteInfo = EventInWeekCollectionView;
		};
		1A93FBC11EC6C64700393A75 /* PBXContainerItemProxy */ = {
			isa = PBXContainerItemProxy;
			containerPortal = 1A93FB991EC6C64600393A75 /* Project object */;
			proxyType = 1;
			remoteGlobalIDString = 1A93FBA01EC6C64600393A75;
			remoteInfo = EventInWeekCollectionView;
		};
/* End PBXContainerItemProxy section */

/* Begin PBXFileReference section */
		1A16C27E1ECB45B000581B21 /* EventContentTextView.swift */ = {isa = PBXFileReference; fileEncoding = 4; lastKnownFileType = sourcecode.swift; path = EventContentTextView.swift; sourceTree = "<group>"; };
		1A16C2801ECB523000581B21 /* Event.swift */ = {isa = PBXFileReference; fileEncoding = 4; lastKnownFileType = sourcecode.swift; path = Event.swift; sourceTree = "<group>"; };
		1A3160211ECB1B6000E93FF2 /* EventDetailViewController.swift */ = {isa = PBXFileReference; fileEncoding = 4; lastKnownFileType = sourcecode.swift; path = EventDetailViewController.swift; sourceTree = "<group>"; };
		1A93FBA11EC6C64600393A75 /* EventInWeekCollectionView.app */ = {isa = PBXFileReference; explicitFileType = wrapper.application; includeInIndex = 0; path = EventInWeekCollectionView.app; sourceTree = BUILT_PRODUCTS_DIR; };
		1A93FBA41EC6C64600393A75 /* AppDelegate.swift */ = {isa = PBXFileReference; lastKnownFileType = sourcecode.swift; path = AppDelegate.swift; sourceTree = "<group>"; };
		1A93FBA91EC6C64600393A75 /* Base */ = {isa = PBXFileReference; lastKnownFileType = file.storyboard; name = Base; path = Base.lproj/Main.storyboard; sourceTree = "<group>"; };
		1A93FBAB1EC6C64600393A75 /* Assets.xcassets */ = {isa = PBXFileReference; lastKnownFileType = folder.assetcatalog; path = Assets.xcassets; sourceTree = "<group>"; };
		1A93FBAE1EC6C64700393A75 /* Base */ = {isa = PBXFileReference; lastKnownFileType = file.storyboard; name = Base; path = Base.lproj/LaunchScreen.storyboard; sourceTree = "<group>"; };
		1A93FBB01EC6C64700393A75 /* Info.plist */ = {isa = PBXFileReference; lastKnownFileType = text.plist.xml; path = Info.plist; sourceTree = "<group>"; };
		1A93FBB51EC6C64700393A75 /* EventInWeekCollectionViewTests.xctest */ = {isa = PBXFileReference; explicitFileType = wrapper.cfbundle; includeInIndex = 0; path = EventInWeekCollectionViewTests.xctest; sourceTree = BUILT_PRODUCTS_DIR; };
		1A93FBB91EC6C64700393A75 /* EventInWeekCollectionViewTests.swift */ = {isa = PBXFileReference; lastKnownFileType = sourcecode.swift; path = EventInWeekCollectionViewTests.swift; sourceTree = "<group>"; };
		1A93FBBB1EC6C64700393A75 /* Info.plist */ = {isa = PBXFileReference; lastKnownFileType = text.plist.xml; path = Info.plist; sourceTree = "<group>"; };
		1A93FBC01EC6C64700393A75 /* EventInWeekCollectionViewUITests.xctest */ = {isa = PBXFileReference; explicitFileType = wrapper.cfbundle; includeInIndex = 0; path = EventInWeekCollectionViewUITests.xctest; sourceTree = BUILT_PRODUCTS_DIR; };
		1A93FBC41EC6C64700393A75 /* EventInWeekCollectionViewUITests.swift */ = {isa = PBXFileReference; lastKnownFileType = sourcecode.swift; path = EventInWeekCollectionViewUITests.swift; sourceTree = "<group>"; };
		1A93FBC61EC6C64700393A75 /* Info.plist */ = {isa = PBXFileReference; lastKnownFileType = text.plist.xml; path = Info.plist; sourceTree = "<group>"; };
		1A93FBD21EC6C6CF00393A75 /* EventCollectionViewController.swift */ = {isa = PBXFileReference; fileEncoding = 4; lastKnownFileType = sourcecode.swift; path = EventCollectionViewController.swift; sourceTree = "<group>"; };
		1A93FBD41EC6C71B00393A75 /* EventCollectionViewCell.swift */ = {isa = PBXFileReference; fileEncoding = 4; lastKnownFileType = sourcecode.swift; path = EventCollectionViewCell.swift; sourceTree = "<group>"; };
		1A93FBD61EC6D34700393A75 /* EventCollectionReusableView.swift */ = {isa = PBXFileReference; fileEncoding = 4; lastKnownFileType = sourcecode.swift; path = EventCollectionReusableView.swift; sourceTree = "<group>"; };
/* End PBXFileReference section */

/* Begin PBXFrameworksBuildPhase section */
		1A93FB9E1EC6C64600393A75 /* Frameworks */ = {
			isa = PBXFrameworksBuildPhase;
			buildActionMask = 2147483647;
			files = (
			);
			runOnlyForDeploymentPostprocessing = 0;
		};
		1A93FBB21EC6C64700393A75 /* Frameworks */ = {
			isa = PBXFrameworksBuildPhase;
			buildActionMask = 2147483647;
			files = (
			);
			runOnlyForDeploymentPostprocessing = 0;
		};
		1A93FBBD1EC6C64700393A75 /* Frameworks */ = {
			isa = PBXFrameworksBuildPhase;
			buildActionMask = 2147483647;
			files = (
			);
			runOnlyForDeploymentPostprocessing = 0;
		};
/* End PBXFrameworksBuildPhase section */

/* Begin PBXGroup section */
		1A93FB981EC6C64600393A75 = {
			isa = PBXGroup;
			children = (
				1A93FBA31EC6C64600393A75 /* EventInWeekCollectionView */,
				1A93FBB81EC6C64700393A75 /* EventInWeekCollectionViewTests */,
				1A93FBC31EC6C64700393A75 /* EventInWeekCollectionViewUITests */,
				1A93FBA21EC6C64600393A75 /* Products */,
			);
			sourceTree = "<group>";
		};
		1A93FBA21EC6C64600393A75 /* Products */ = {
			isa = PBXGroup;
			children = (
				1A93FBA11EC6C64600393A75 /* EventInWeekCollectionView.app */,
				1A93FBB51EC6C64700393A75 /* EventInWeekCollectionViewTests.xctest */,
				1A93FBC01EC6C64700393A75 /* EventInWeekCollectionViewUITests.xctest */,
			);
			name = Products;
			sourceTree = "<group>";
		};
		1A93FBA31EC6C64600393A75 /* EventInWeekCollectionView */ = {
			isa = PBXGroup;
			children = (
				1A93FBA41EC6C64600393A75 /* AppDelegate.swift */,
				1A93FBA81EC6C64600393A75 /* Main.storyboard */,
				1A93FBAB1EC6C64600393A75 /* Assets.xcassets */,
				1A93FBAD1EC6C64700393A75 /* LaunchScreen.storyboard */,
				1A93FBB01EC6C64700393A75 /* Info.plist */,
				1A93FBD21EC6C6CF00393A75 /* EventCollectionViewController.swift */,
				1A93FBD41EC6C71B00393A75 /* EventCollectionViewCell.swift */,
				1A93FBD61EC6D34700393A75 /* EventCollectionReusableView.swift */,
				1A3160211ECB1B6000E93FF2 /* EventDetailViewController.swift */,
				1A16C27E1ECB45B000581B21 /* EventContentTextView.swift */,
				1A16C2801ECB523000581B21 /* Event.swift */,
			);
			path = EventInWeekCollectionView;
			sourceTree = "<group>";
		};
		1A93FBB81EC6C64700393A75 /* EventInWeekCollectionViewTests */ = {
			isa = PBXGroup;
			children = (
				1A93FBB91EC6C64700393A75 /* EventInWeekCollectionViewTests.swift */,
				1A93FBBB1EC6C64700393A75 /* Info.plist */,
			);
			path = EventInWeekCollectionViewTests;
			sourceTree = "<group>";
		};
		1A93FBC31EC6C64700393A75 /* EventInWeekCollectionViewUITests */ = {
			isa = PBXGroup;
			children = (
				1A93FBC41EC6C64700393A75 /* EventInWeekCollectionViewUITests.swift */,
				1A93FBC61EC6C64700393A75 /* Info.plist */,
			);
			path = EventInWeekCollectionViewUITests;
			sourceTree = "<group>";
		};
/* End PBXGroup section */

/* Begin PBXNativeTarget section */
		1A93FBA01EC6C64600393A75 /* EventInWeekCollectionView */ = {
			isa = PBXNativeTarget;
			buildConfigurationList = 1A93FBC91EC6C64700393A75 /* Build configuration list for PBXNativeTarget "EventInWeekCollectionView" */;
			buildPhases = (
				1A93FB9D1EC6C64600393A75 /* Sources */,
				1A93FB9E1EC6C64600393A75 /* Frameworks */,
				1A93FB9F1EC6C64600393A75 /* Resources */,
			);
			buildRules = (
			);
			dependencies = (
			);
			name = EventInWeekCollectionView;
			productName = EventInWeekCollectionView;
			productReference = 1A93FBA11EC6C64600393A75 /* EventInWeekCollectionView.app */;
			productType = "com.apple.product-type.application";
		};
		1A93FBB41EC6C64700393A75 /* EventInWeekCollectionViewTests */ = {
			isa = PBXNativeTarget;
			buildConfigurationList = 1A93FBCC1EC6C64700393A75 /* Build configuration list for PBXNativeTarget "EventInWeekCollectionViewTests" */;
			buildPhases = (
				1A93FBB11EC6C64700393A75 /* Sources */,
				1A93FBB21EC6C64700393A75 /* Frameworks */,
				1A93FBB31EC6C64700393A75 /* Resources */,
			);
			buildRules = (
			);
			dependencies = (
				1A93FBB71EC6C64700393A75 /* PBXTargetDependency */,
			);
			name = EventInWeekCollectionViewTests;
			productName = EventInWeekCollectionViewTests;
			productReference = 1A93FBB51EC6C64700393A75 /* EventInWeekCollectionViewTests.xctest */;
			productType = "com.apple.product-type.bundle.unit-test";
		};
		1A93FBBF1EC6C64700393A75 /* EventInWeekCollectionViewUITests */ = {
			isa = PBXNativeTarget;
			buildConfigurationList = 1A93FBCF1EC6C64700393A75 /* Build configuration list for PBXNativeTarget "EventInWeekCollectionViewUITests" */;
			buildPhases = (
				1A93FBBC1EC6C64700393A75 /* Sources */,
				1A93FBBD1EC6C64700393A75 /* Frameworks */,
				1A93FBBE1EC6C64700393A75 /* Resources */,
			);
			buildRules = (
			);
			dependencies = (
				1A93FBC21EC6C64700393A75 /* PBXTargetDependency */,
			);
			name = EventInWeekCollectionViewUITests;
			productName = EventInWeekCollectionViewUITests;
			productReference = 1A93FBC01EC6C64700393A75 /* EventInWeekCollectionViewUITests.xctest */;
			productType = "com.apple.product-type.bundle.ui-testing";
		};
/* End PBXNativeTarget section */

/* Begin PBXProject section */
		1A93FB991EC6C64600393A75 /* Project object */ = {
			isa = PBXProject;
			attributes = {
				LastSwiftUpdateCheck = 0830;
				LastUpgradeCheck = 0830;
				TargetAttributes = {
					1A93FBA01EC6C64600393A75 = {
						CreatedOnToolsVersion = 8.3.2;
						ProvisioningStyle = Automatic;
					};
					1A93FBB41EC6C64700393A75 = {
						CreatedOnToolsVersion = 8.3.2;
						ProvisioningStyle = Automatic;
						TestTargetID = 1A93FBA01EC6C64600393A75;
					};
					1A93FBBF1EC6C64700393A75 = {
						CreatedOnToolsVersion = 8.3.2;
						ProvisioningStyle = Automatic;
						TestTargetID = 1A93FBA01EC6C64600393A75;
					};
				};
			};
			buildConfigurationList = 1A93FB9C1EC6C64600393A75 /* Build configuration list for PBXProject "EventInWeekCollectionView" */;
			compatibilityVersion = "Xcode 3.2";
			developmentRegion = English;
			hasScannedForEncodings = 0;
			knownRegions = (
				en,
				Base,
			);
			mainGroup = 1A93FB981EC6C64600393A75;
			productRefGroup = 1A93FBA21EC6C64600393A75 /* Products */;
			projectDirPath = "";
			projectRoot = "";
			targets = (
				1A93FBA01EC6C64600393A75 /* EventInWeekCollectionView */,
				1A93FBB41EC6C64700393A75 /* EventInWeekCollectionViewTests */,
				1A93FBBF1EC6C64700393A75 /* EventInWeekCollectionViewUITests */,
			);
		};
/* End PBXProject section */

/* Begin PBXResourcesBuildPhase section */
		1A93FB9F1EC6C64600393A75 /* Resources */ = {
			isa = PBXResourcesBuildPhase;
			buildActionMask = 2147483647;
			files = (
				1A93FBAF1EC6C64700393A75 /* LaunchScreen.storyboard in Resources */,
				1A93FBAC1EC6C64600393A75 /* Assets.xcassets in Resources */,
				1A93FBAA1EC6C64600393A75 /* Main.storyboard in Resources */,
			);
			runOnlyForDeploymentPostprocessing = 0;
		};
		1A93FBB31EC6C64700393A75 /* Resources */ = {
			isa = PBXResourcesBuildPhase;
			buildActionMask = 2147483647;
			files = (
			);
			runOnlyForDeploymentPostprocessing = 0;
		};
		1A93FBBE1EC6C64700393A75 /* Resources */ = {
			isa = PBXResourcesBuildPhase;
			buildActionMask = 2147483647;
			files = (
			);
			runOnlyForDeploymentPostprocessing = 0;
		};
/* End PBXResourcesBuildPhase section */

/* Begin PBXSourcesBuildPhase section */
		1A93FB9D1EC6C64600393A75 /* Sources */ = {
			isa = PBXSourcesBuildPhase;
			buildActionMask = 2147483647;
			files = (
				1A93FBD71EC6D34700393A75 /* EventCollectionReusableView.swift in Sources */,
				1A3160221ECB1B6000E93FF2 /* EventDetailViewController.swift in Sources */,
				1A93FBA51EC6C64600393A75 /* AppDelegate.swift in Sources */,
				1A93FBD51EC6C71B00393A75 /* EventCollectionViewCell.swift in Sources */,
				1A16C27F1ECB45B000581B21 /* EventContentTextView.swift in Sources */,
				1A16C2811ECB523000581B21 /* Event.swift in Sources */,
				1A93FBD31EC6C6CF00393A75 /* EventCollectionViewController.swift in Sources */,
			);
			runOnlyForDeploymentPostprocessing = 0;
		};
		1A93FBB11EC6C64700393A75 /* Sources */ = {
			isa = PBXSourcesBuildPhase;
			buildActionMask = 2147483647;
			files = (
				1A93FBBA1EC6C64700393A75 /* EventInWeekCollectionViewTests.swift in Sources */,
			);
			runOnlyForDeploymentPostprocessing = 0;
		};
		1A93FBBC1EC6C64700393A75 /* Sources */ = {
			isa = PBXSourcesBuildPhase;
			buildActionMask = 2147483647;
			files = (
				1A93FBC51EC6C64700393A75 /* EventInWeekCollectionViewUITests.swift in Sources */,
			);
			runOnlyForDeploymentPostprocessing = 0;
		};
/* End PBXSourcesBuildPhase section */

/* Begin PBXTargetDependency section */
		1A93FBB71EC6C64700393A75 /* PBXTargetDependency */ = {
			isa = PBXTargetDependency;
			target = 1A93FBA01EC6C64600393A75 /* EventInWeekCollectionView */;
			targetProxy = 1A93FBB61EC6C64700393A75 /* PBXContainerItemProxy */;
		};
		1A93FBC21EC6C64700393A75 /* PBXTargetDependency */ = {
			isa = PBXTargetDependency;
			target = 1A93FBA01EC6C64600393A75 /* EventInWeekCollectionView */;
			targetProxy = 1A93FBC11EC6C64700393A75 /* PBXContainerItemProxy */;
		};
/* End PBXTargetDependency section */

/* Begin PBXVariantGroup section */
		1A93FBA81EC6C64600393A75 /* Main.storyboard */ = {
			isa = PBXVariantGroup;
			children = (
				1A93FBA91EC6C64600393A75 /* Base */,
			);
			name = Main.storyboard;
			sourceTree = "<group>";
		};
		1A93FBAD1EC6C64700393A75 /* LaunchScreen.storyboard */ = {
			isa = PBXVariantGroup;
			children = (
				1A93FBAE1EC6C64700393A75 /* Base */,
			);
			name = LaunchScreen.storyboard;
			sourceTree = "<group>";
		};
/* End PBXVariantGroup section */

/* Begin XCBuildConfiguration section */
		1A93FBC71EC6C64700393A75 /* Debug */ = {
			isa = XCBuildConfiguration;
			buildSettings = {
				ALWAYS_SEARCH_USER_PATHS = NO;
				CLANG_ANALYZER_NONNULL = YES;
				CLANG_ANALYZER_NUMBER_OBJECT_CONVERSION = YES_AGGRESSIVE;
				CLANG_CXX_LANGUAGE_STANDARD = "gnu++0x";
				CLANG_CXX_LIBRARY = "libc++";
				CLANG_ENABLE_MODULES = YES;
				CLANG_ENABLE_OBJC_ARC = YES;
				CLANG_WARN_BOOL_CONVERSION = YES;
				CLANG_WARN_CONSTANT_CONVERSION = YES;
				CLANG_WARN_DIRECT_OBJC_ISA_USAGE = YES_ERROR;
				CLANG_WARN_DOCUMENTATION_COMMENTS = YES;
				CLANG_WARN_EMPTY_BODY = YES;
				CLANG_WARN_ENUM_CONVERSION = YES;
				CLANG_WARN_INFINITE_RECURSION = YES;
				CLANG_WARN_INT_CONVERSION = YES;
				CLANG_WARN_OBJC_ROOT_CLASS = YES_ERROR;
				CLANG_WARN_SUSPICIOUS_MOVE = YES;
				CLANG_WARN_UNREACHABLE_CODE = YES;
				CLANG_WARN__DUPLICATE_METHOD_MATCH = YES;
				"CODE_SIGN_IDENTITY[sdk=iphoneos*]" = "iPhone Developer";
				COPY_PHASE_STRIP = NO;
				DEBUG_INFORMATION_FORMAT = dwarf;
				ENABLE_STRICT_OBJC_MSGSEND = YES;
				ENABLE_TESTABILITY = YES;
				GCC_C_LANGUAGE_STANDARD = gnu99;
				GCC_DYNAMIC_NO_PIC = NO;
				GCC_NO_COMMON_BLOCKS = YES;
				GCC_OPTIMIZATION_LEVEL = 0;
				GCC_PREPROCESSOR_DEFINITIONS = (
					"DEBUG=1",
					"$(inherited)",
				);
				GCC_WARN_64_TO_32_BIT_CONVERSION = YES;
				GCC_WARN_ABOUT_RETURN_TYPE = YES_ERROR;
				GCC_WARN_UNDECLARED_SELECTOR = YES;
				GCC_WARN_UNINITIALIZED_AUTOS = YES_AGGRESSIVE;
				GCC_WARN_UNUSED_FUNCTION = YES;
				GCC_WARN_UNUSED_VARIABLE = YES;
				IPHONEOS_DEPLOYMENT_TARGET = 10.2;
				MTL_ENABLE_DEBUG_INFO = YES;
				ONLY_ACTIVE_ARCH = YES;
				SDKROOT = iphoneos;
				SWIFT_ACTIVE_COMPILATION_CONDITIONS = DEBUG;
				SWIFT_OPTIMIZATION_LEVEL = "-Onone";
			};
			name = Debug;
		};
		1A93FBC81EC6C64700393A75 /* Release */ = {
			isa = XCBuildConfiguration;
			buildSettings = {
				ALWAYS_SEARCH_USER_PATHS = NO;
				CLANG_ANALYZER_NONNULL = YES;
				CLANG_ANALYZER_NUMBER_OBJECT_CONVERSION = YES_AGGRESSIVE;
				CLANG_CXX_LANGUAGE_STANDARD = "gnu++0x";
				CLANG_CXX_LIBRARY = "libc++";
				CLANG_ENABLE_MODULES = YES;
				CLANG_ENABLE_OBJC_ARC = YES;
				CLANG_WARN_BOOL_CONVERSION = YES;
				CLANG_WARN_CONSTANT_CONVERSION = YES;
				CLANG_WARN_DIRECT_OBJC_ISA_USAGE = YES_ERROR;
				CLANG_WARN_DOCUMENTATION_COMMENTS = YES;
				CLANG_WARN_EMPTY_BODY = YES;
				CLANG_WARN_ENUM_CONVERSION = YES;
				CLANG_WARN_INFINITE_RECURSION = YES;
				CLANG_WARN_INT_CONVERSION = YES;
				CLANG_WARN_OBJC_ROOT_CLASS = YES_ERROR;
				CLANG_WARN_SUSPICIOUS_MOVE = YES;
				CLANG_WARN_UNREACHABLE_CODE = YES;
				CLANG_WARN__DUPLICATE_METHOD_MATCH = YES;
				"CODE_SIGN_IDENTITY[sdk=iphoneos*]" = "iPhone Developer";
				COPY_PHASE_STRIP = NO;
				DEBUG_INFORMATION_FORMAT = "dwarf-with-dsym";
				ENABLE_NS_ASSERTIONS = NO;
				ENABLE_STRICT_OBJC_MSGSEND = YES;
				GCC_C_LANGUAGE_STANDARD = gnu99;
				GCC_NO_COMMON_BLOCKS = YES;
				GCC_WARN_64_TO_32_BIT_CONVERSION = YES;
				GCC_WARN_ABOUT_RETURN_TYPE = YES_ERROR;
				GCC_WARN_UNDECLARED_SELECTOR = YES;
				GCC_WARN_UNINITIALIZED_AUTOS = YES_AGGRESSIVE;
				GCC_WARN_UNUSED_FUNCTION = YES;
				GCC_WARN_UNUSED_VARIABLE = YES;
				IPHONEOS_DEPLOYMENT_TARGET = 10.2;
				MTL_ENABLE_DEBUG_INFO = NO;
				SDKROOT = iphoneos;
				SWIFT_OPTIMIZATION_LEVEL = "-Owholemodule";
				VALIDATE_PRODUCT = YES;
			};
			name = Release;
		};
		1A93FBCA1EC6C64700393A75 /* Debug */ = {
			isa = XCBuildConfiguration;
			buildSettings = {
				ASSETCATALOG_COMPILER_APPICON_NAME = AppIcon;
				INFOPLIST_FILE = EventInWeekCollectionView/Info.plist;
				IPHONEOS_DEPLOYMENT_TARGET = 10.2;
				LD_RUNPATH_SEARCH_PATHS = "$(inherited) @executable_path/Frameworks";
				PRODUCT_BUNDLE_IDENTIFIER = com.example.EventInWeekCollectionView;
				PRODUCT_NAME = "$(TARGET_NAME)";
				SWIFT_VERSION = 3.0;
				TARGETED_DEVICE_FAMILY = 1;
			};
			name = Debug;
		};
		1A93FBCB1EC6C64700393A75 /* Release */ = {
			isa = XCBuildConfiguration;
			buildSettings = {
				ASSETCATALOG_COMPILER_APPICON_NAME = AppIcon;
				INFOPLIST_FILE = EventInWeekCollectionView/Info.plist;
				IPHONEOS_DEPLOYMENT_TARGET = 10.2;
				LD_RUNPATH_SEARCH_PATHS = "$(inherited) @executable_path/Frameworks";
				PRODUCT_BUNDLE_IDENTIFIER = com.example.EventInWeekCollectionView;
				PRODUCT_NAME = "$(TARGET_NAME)";
				SWIFT_VERSION = 3.0;
				TARGETED_DEVICE_FAMILY = 1;
			};
			name = Release;
		};
		1A93FBCD1EC6C64700393A75 /* Debug */ = {
			isa = XCBuildConfiguration;
			buildSettings = {
				ALWAYS_EMBED_SWIFT_STANDARD_LIBRARIES = YES;
				BUNDLE_LOADER = "$(TEST_HOST)";
				INFOPLIST_FILE = EventInWeekCollectionViewTests/Info.plist;
				LD_RUNPATH_SEARCH_PATHS = "$(inherited) @executable_path/Frameworks @loader_path/Frameworks";
				PRODUCT_BUNDLE_IDENTIFIER = com.example.EventInWeekCollectionViewTests;
				PRODUCT_NAME = "$(TARGET_NAME)";
				SWIFT_VERSION = 3.0;
				TEST_HOST = "$(BUILT_PRODUCTS_DIR)/EventInWeekCollectionView.app/EventInWeekCollectionView";
			};
			name = Debug;
		};
		1A93FBCE1EC6C64700393A75 /* Release */ = {
			isa = XCBuildConfiguration;
			buildSettings = {
				ALWAYS_EMBED_SWIFT_STANDARD_LIBRARIES = YES;
				BUNDLE_LOADER = "$(TEST_HOST)";
				INFOPLIST_FILE = EventInWeekCollectionViewTests/Info.plist;
				LD_RUNPATH_SEARCH_PATHS = "$(inherited) @executable_path/Frameworks @loader_path/Frameworks";
				PRODUCT_BUNDLE_IDENTIFIER = com.example.EventInWeekCollectionViewTests;
				PRODUCT_NAME = "$(TARGET_NAME)";
				SWIFT_VERSION = 3.0;
				TEST_HOST = "$(BUILT_PRODUCTS_DIR)/EventInWeekCollectionView.app/EventInWeekCollectionView";
			};
			name = Release;
		};
		1A93FBD01EC6C64700393A75 /* Debug */ = {
			isa = XCBuildConfiguration;
			buildSettings = {
				ALWAYS_EMBED_SWIFT_STANDARD_LIBRARIES = YES;
				INFOPLIST_FILE = EventInWeekCollectionViewUITests/Info.plist;
				LD_RUNPATH_SEARCH_PATHS = "$(inherited) @executable_path/Frameworks @loader_path/Frameworks";
				PRODUCT_BUNDLE_IDENTIFIER = com.example.EventInWeekCollectionViewUITests;
				PRODUCT_NAME = "$(TARGET_NAME)";
				SWIFT_VERSION = 3.0;
				TEST_TARGET_NAME = EventInWeekCollectionView;
			};
			name = Debug;
		};
		1A93FBD11EC6C64700393A75 /* Release */ = {
			isa = XCBuildConfiguration;
			buildSettings = {
				ALWAYS_EMBED_SWIFT_STANDARD_LIBRARIES = YES;
				INFOPLIST_FILE = EventInWeekCollectionViewUITests/Info.plist;
				LD_RUNPATH_SEARCH_PATHS = "$(inherited) @executable_path/Frameworks @loader_path/Frameworks";
				PRODUCT_BUNDLE_IDENTIFIER = com.example.EventInWeekCollectionViewUITests;
				PRODUCT_NAME = "$(TARGET_NAME)";
				SWIFT_VERSION = 3.0;
				TEST_TARGET_NAME = EventInWeekCollectionView;
			};
			name = Release;
		};
/* End XCBuildConfiguration section */

/* Begin XCConfigurationList section */
		1A93FB9C1EC6C64600393A75 /* Build configuration list for PBXProject "EventInWeekCollectionView" */ = {
			isa = XCConfigurationList;
			buildConfigurations = (
				1A93FBC71EC6C64700393A75 /* Debug */,
				1A93FBC81EC6C64700393A75 /* Release */,
			);
			defaultConfigurationIsVisible = 0;
			defaultConfigurationName = Release;
		};
		1A93FBC91EC6C64700393A75 /* Build configuration list for PBXNativeTarget "EventInWeekCollectionView" */ = {
			isa = XCConfigurationList;
			buildConfigurations = (
				1A93FBCA1EC6C64700393A75 /* Debug */,
				1A93FBCB1EC6C64700393A75 /* Release */,
			);
			defaultConfigurationIsVisible = 0;
			defaultConfigurationName = Release;
		};
		1A93FBCC1EC6C64700393A75 /* Build configuration list for PBXNativeTarget "EventInWeekCollectionViewTests" */ = {
			isa = XCConfigurationList;
			buildConfigurations = (
				1A93FBCD1EC6C64700393A75 /* Debug */,
				1A93FBCE1EC6C64700393A75 /* Release */,
			);
			defaultConfigurationIsVisible = 0;
			defaultConfigurationName = Release;
		};
		1A93FBCF1EC6C64700393A75 /* Build configuration list for PBXNativeTarget "EventInWeekCollectionViewUITests" */ = {
			isa = XCConfigurationList;
			buildConfigurations = (
				1A93FBD01EC6C64700393A75 /* Debug */,
				1A93FBD11EC6C64700393A75 /* Release */,
			);
			defaultConfigurationIsVisible = 0;
			defaultConfigurationName = Release;
		};
/* End XCConfigurationList section */
	};
	rootObject = 1A93FB991EC6C64600393A75 /* Project object */;
}
